
Microsoft Visual Studio Solution File, Format Version 12.00
# Visual Studio Version 16
VisualStudioVersion = 16.0.31702.278
MinimumVisualStudioVersion = 10.0.40219.1
Project("{FAE04EC0-301F-11D3-BF4B-00C04F79EFBC}") = "DIO.Bank", "DIO.Bank\DIO.Bank.csproj", "{47DDCD92-FE17-461D-8D1D-1F2CA0E7F527}"
EndProject
Global
	GlobalSection(SolutionConfigurationPlatforms) = preSolution
		Debug|Any CPU = Debug|Any CPU
		Release|Any CPU = Release|Any CPU
	EndGlobalSection
	GlobalSection(ProjectConfigurationPlatforms) = postSolution
		{47DDCD92-FE17-461D-8D1D-1F2CA0E7F527}.Debug|Any CPU.ActiveCfg = Debug|Any CPU
		{47DDCD92-FE17-461D-8D1D-1F2CA0E7F527}.Debug|Any CPU.Build.0 = Debug|Any CPU
		{47DDCD92-FE17-461D-8D1D-1F2CA0E7F527}.Release|Any CPU.ActiveCfg = Release|Any CPU
		{47DDCD92-FE17-461D-8D1D-1F2CA0E7F527}.Release|Any CPU.Build.0 = Release|Any CPU
	EndGlobalSection
	GlobalSection(SolutionProperties) = preSolution
		HideSolutionNode = FALSE
	EndGlobalSection
	GlobalSection(ExtensibilityGlobals) = postSolution
		SolutionGuid = {AABACDF7-7473-4C8E-BA36-94563EC77855}
	EndGlobalSection
EndGlobal
